
Microsoft Visual Studio Solution File, Format Version 12.00
# Visual Studio Version 17
VisualStudioVersion = 17.5.002.0
MinimumVisualStudioVersion = 10.0.40219.1
Project("{2150E333-8FDC-42A3-9474-1A3956D46DE8}") = "Labfiles", "Labfiles", "{EA3FB07C-C63B-43CB-A1C9-D7EC63C8F880}"
EndProject
Project("{2150E333-8FDC-42A3-9474-1A3956D46DE8}") = "01-prebuild-models", "01-prebuild-models", "{D6F1CA74-F85C-4497-AFDD-8B5DADC4F239}"
EndProject
Project("{9A19103F-16F7-4668-BE54-9A1E7A4F7556}") = "invoicereader", "Labfiles\01-prebuild-models\CSharp\invoicereader.csproj", "{A8B76000-EC77-456E-B86A-00E9E6F93CB8}"
EndProject
Project("{2150E333-8FDC-42A3-9474-1A3956D46DE8}") = "02-custom-document-intelligence", "02-custom-document-intelligence", "{AADAF390-E682-40F8-BB9C-52D4CA3CD218}"
EndProject
Project("{9A19103F-16F7-4668-BE54-9A1E7A4F7556}") = "test-model", "Labfiles\02-custom-document-intelligence\C-Sharp\test-model.csproj", "{F1AC7740-8CD5-4483-9ADA-60AD9A5B2B07}"
EndProject
Global
	GlobalSection(SolutionConfigurationPlatforms) = preSolution
		Debug|Any CPU = Debug|Any CPU
		Release|Any CPU = Release|Any CPU
	EndGlobalSection
	GlobalSection(ProjectConfigurationPlatforms) = postSolution
		{A8B76000-EC77-456E-B86A-00E9E6F93CB8}.Debug|Any CPU.ActiveCfg = Debug|Any CPU
		{A8B76000-EC77-456E-B86A-00E9E6F93CB8}.Debug|Any CPU.Build.0 = Debug|Any CPU
		{A8B76000-EC77-456E-B86A-00E9E6F93CB8}.Release|Any CPU.ActiveCfg = Release|Any CPU
		{A8B76000-EC77-456E-B86A-00E9E6F93CB8}.Release|Any CPU.Build.0 = Release|Any CPU
		{F1AC7740-8CD5-4483-9ADA-60AD9A5B2B07}.Debug|Any CPU.ActiveCfg = Debug|Any CPU
		{F1AC7740-8CD5-4483-9ADA-60AD9A5B2B07}.Debug|Any CPU.Build.0 = Debug|Any CPU
		{F1AC7740-8CD5-4483-9ADA-60AD9A5B2B07}.Release|Any CPU.ActiveCfg = Release|Any CPU
		{F1AC7740-8CD5-4483-9ADA-60AD9A5B2B07}.Release|Any CPU.Build.0 = Release|Any CPU
	EndGlobalSection
	GlobalSection(SolutionProperties) = preSolution
		HideSolutionNode = FALSE
	EndGlobalSection
	GlobalSection(NestedProjects) = preSolution
		{D6F1CA74-F85C-4497-AFDD-8B5DADC4F239} = {EA3FB07C-C63B-43CB-A1C9-D7EC63C8F880}
		{A8B76000-EC77-456E-B86A-00E9E6F93CB8} = {D6F1CA74-F85C-4497-AFDD-8B5DADC4F239}
		{AADAF390-E682-40F8-BB9C-52D4CA3CD218} = {EA3FB07C-C63B-43CB-A1C9-D7EC63C8F880}
		{F1AC7740-8CD5-4483-9ADA-60AD9A5B2B07} = {AADAF390-E682-40F8-BB9C-52D4CA3CD218}
	EndGlobalSection
	GlobalSection(ExtensibilityGlobals) = postSolution
		SolutionGuid = {3D8D6FBD-2966-47C6-8ED7-1B138EAB8DB4}
	EndGlobalSection
EndGlobal
